
Microsoft Visual Studio Solution File, Format Version 10.00
# Visual Studio 2008
# SharpDevelop 3.2.1.9021
Project("{FAE04EC0-301F-11D3-BF4B-00C04F79EFBC}") = "MSBuildLoggers40", "MSBuildLogger40\MSBuildLoggers40.csproj", "{7383CBA3-10CE-48C3-9550-962913D70596}"
EndProject
Global
	GlobalSection(SolutionConfigurationPlatforms) = preSolution
		Debug|Any CPU = Debug|Any CPU
		Release|Any CPU = Release|Any CPU
		Debug|Any CPU = Debug|Any CPU
		Release|Any CPU = Release|Any CPU
	EndGlobalSection
	GlobalSection(ProjectConfigurationPlatforms) = postSolution
		{7383CBA3-10CE-48C3-9550-962913D70596}.Debug|Any CPU.Build.0 = Debug|Any CPU
		{7383CBA3-10CE-48C3-9550-962913D70596}.Debug|Any CPU.ActiveCfg = Debug|Any CPU
		{7383CBA3-10CE-48C3-9550-962913D70596}.Release|Any CPU.Build.0 = Release|Any CPU
		{7383CBA3-10CE-48C3-9550-962913D70596}.Release|Any CPU.ActiveCfg = Release|Any CPU
	EndGlobalSection
EndGlobal
